// !$*UTF8*$!
{
	archiveVersion = 1;
	classes = {
	};
	objectVersion = 51;
	objects = {

/* Begin PBXBuildFile section */
		36A28AACC074DCED131A70A8 /* Pods_QuizApp.framework in Frameworks */ = {isa = PBXBuildFile; fileRef = 327B79710D8C1653217F3803 /* Pods_QuizApp.framework */; };
		4F186EA824BFBADC00FAB3DE /* FirstPageViewController.swift in Sources */ = {isa = PBXBuildFile; fileRef = 4F186EA724BFBADC00FAB3DE /* FirstPageViewController.swift */; };
		6C68ED3924BCB0360035E7A2 /* AppDelegate.swift in Sources */ = {isa = PBXBuildFile; fileRef = 6C68ED3824BCB0360035E7A2 /* AppDelegate.swift */; };
		6C68ED3B24BCB0360035E7A2 /* SceneDelegate.swift in Sources */ = {isa = PBXBuildFile; fileRef = 6C68ED3A24BCB0360035E7A2 /* SceneDelegate.swift */; };
		6C68ED3D24BCB0360035E7A2 /* ViewController.swift in Sources */ = {isa = PBXBuildFile; fileRef = 6C68ED3C24BCB0360035E7A2 /* ViewController.swift */; };
		6C68ED4024BCB0360035E7A2 /* Main.storyboard in Resources */ = {isa = PBXBuildFile; fileRef = 6C68ED3E24BCB0360035E7A2 /* Main.storyboard */; };
		6C68ED4224BCB0390035E7A2 /* Assets.xcassets in Resources */ = {isa = PBXBuildFile; fileRef = 6C68ED4124BCB0390035E7A2 /* Assets.xcassets */; };
		6C68ED4524BCB0390035E7A2 /* LaunchScreen.storyboard in Resources */ = {isa = PBXBuildFile; fileRef = 6C68ED4324BCB0390035E7A2 /* LaunchScreen.storyboard */; };
		6C68ED5524BCC1E00035E7A2 /* LoginViewController.swift in Sources */ = {isa = PBXBuildFile; fileRef = 6C68ED5424BCC1E00035E7A2 /* LoginViewController.swift */; };
		6CC4158F24BF76B3007B4546 /* AppLogin.storyboard in Resources */ = {isa = PBXBuildFile; fileRef = 6CC4158E24BF76B3007B4546 /* AppLogin.storyboard */; };
		6CE3DD3824C20376008FBA17 /* SignUpViewController.swift in Sources */ = {isa = PBXBuildFile; fileRef = 6CE3DD3724C20376008FBA17 /* SignUpViewController.swift */; };
		6CE3DD3924C20732008FBA17 /* AppSignUp.storyboard in Resources */ = {isa = PBXBuildFile; fileRef = 6CE3DD3424C1F2E0008FBA17 /* AppSignUp.storyboard */; };
		6CE3DD3A24C20797008FBA17 /* QuizSelection.storyboard in Resources */ = {isa = PBXBuildFile; fileRef = 6CE3DD3324C1F281008FBA17 /* QuizSelection.storyboard */; };
		6CE3DD3D24C20BF4008FBA17 /* GoogleService-Info.plist in Resources */ = {isa = PBXBuildFile; fileRef = 6CE3DD3C24C20BF3008FBA17 /* GoogleService-Info.plist */; };
		FC27DD3224BCB93E00477567 /* questionPageController.storyboard in Resources */ = {isa = PBXBuildFile; fileRef = FC27DD3124BCB93E00477567 /* questionPageController.storyboard */; };
		FCC25D3D24BCC6C200CCDADF /* questionPageController.swift in Sources */ = {isa = PBXBuildFile; fileRef = FCC25D3B24BCC6C200CCDADF /* questionPageController.swift */; };
/* End PBXBuildFile section */

/* Begin PBXFileReference section */
		327B79710D8C1653217F3803 /* Pods_QuizApp.framework */ = {isa = PBXFileReference; explicitFileType = wrapper.framework; includeInIndex = 0; path = Pods_QuizApp.framework; sourceTree = BUILT_PRODUCTS_DIR; };
		4F186EA724BFBADC00FAB3DE /* FirstPageViewController.swift */ = {isa = PBXFileReference; lastKnownFileType = sourcecode.swift; name = FirstPageViewController.swift; path = QuizApp/View/FirstPageViewController.swift; sourceTree = SOURCE_ROOT; };
		6C68ED3524BCB0360035E7A2 /* QuizApp.app */ = {isa = PBXFileReference; explicitFileType = wrapper.application; includeInIndex = 0; path = QuizApp.app; sourceTree = BUILT_PRODUCTS_DIR; };
		6C68ED3824BCB0360035E7A2 /* AppDelegate.swift */ = {isa = PBXFileReference; lastKnownFileType = sourcecode.swift; path = AppDelegate.swift; sourceTree = "<group>"; };
		6C68ED3A24BCB0360035E7A2 /* SceneDelegate.swift */ = {isa = PBXFileReference; lastKnownFileType = sourcecode.swift; path = SceneDelegate.swift; sourceTree = "<group>"; };
		6C68ED3C24BCB0360035E7A2 /* ViewController.swift */ = {isa = PBXFileReference; lastKnownFileType = sourcecode.swift; path = ViewController.swift; sourceTree = "<group>"; };
		6C68ED3F24BCB0360035E7A2 /* Base */ = {isa = PBXFileReference; lastKnownFileType = file.storyboard; name = Base; path = Base.lproj/Main.storyboard; sourceTree = "<group>"; };
		6C68ED4124BCB0390035E7A2 /* Assets.xcassets */ = {isa = PBXFileReference; lastKnownFileType = folder.assetcatalog; path = Assets.xcassets; sourceTree = "<group>"; };
		6C68ED4424BCB0390035E7A2 /* Base */ = {isa = PBXFileReference; lastKnownFileType = file.storyboard; name = Base; path = Base.lproj/LaunchScreen.storyboard; sourceTree = "<group>"; };
		6C68ED4624BCB0390035E7A2 /* Info.plist */ = {isa = PBXFileReference; lastKnownFileType = text.plist.xml; path = Info.plist; sourceTree = "<group>"; };
		6C68ED5424BCC1E00035E7A2 /* LoginViewController.swift */ = {isa = PBXFileReference; lastKnownFileType = sourcecode.swift; path = LoginViewController.swift; sourceTree = "<group>"; };
		6CC4158E24BF76B3007B4546 /* AppLogin.storyboard */ = {isa = PBXFileReference; lastKnownFileType = file.storyboard; path = AppLogin.storyboard; sourceTree = "<group>"; };
		6CE3DD3324C1F281008FBA17 /* QuizSelection.storyboard */ = {isa = PBXFileReference; lastKnownFileType = file.storyboard; path = QuizSelection.storyboard; sourceTree = "<group>"; };
		6CE3DD3424C1F2E0008FBA17 /* AppSignUp.storyboard */ = {isa = PBXFileReference; lastKnownFileType = file.storyboard; path = AppSignUp.storyboard; sourceTree = "<group>"; };
		6CE3DD3724C20376008FBA17 /* SignUpViewController.swift */ = {isa = PBXFileReference; lastKnownFileType = sourcecode.swift; path = SignUpViewController.swift; sourceTree = "<group>"; };
		6CE3DD3C24C20BF3008FBA17 /* GoogleService-Info.plist */ = {isa = PBXFileReference; fileEncoding = 4; lastKnownFileType = text.plist.xml; path = "GoogleService-Info.plist"; sourceTree = "<group>"; };
		98DEA06C2F8FCE2094A06B0B /* Pods-QuizApp.debug.xcconfig */ = {isa = PBXFileReference; includeInIndex = 1; lastKnownFileType = text.xcconfig; name = "Pods-QuizApp.debug.xcconfig"; path = "Target Support Files/Pods-QuizApp/Pods-QuizApp.debug.xcconfig"; sourceTree = "<group>"; };
		CBEF8360DDE50AC6B1E61AF8 /* Pods-QuizApp.release.xcconfig */ = {isa = PBXFileReference; includeInIndex = 1; lastKnownFileType = text.xcconfig; name = "Pods-QuizApp.release.xcconfig"; path = "Target Support Files/Pods-QuizApp/Pods-QuizApp.release.xcconfig"; sourceTree = "<group>"; };
		FC27DD3124BCB93E00477567 /* questionPageController.storyboard */ = {isa = PBXFileReference; lastKnownFileType = file.storyboard; path = questionPageController.storyboard; sourceTree = "<group>"; };
		FCC25D3C24BCC6C200CCDADF /* Base */ = {isa = PBXFileReference; lastKnownFileType = sourcecode.swift; name = Base; path = QuizApp/View/Base.lproj/questionPageController.swift; sourceTree = SOURCE_ROOT; };
/* End PBXFileReference section */

/* Begin PBXFrameworksBuildPhase section */
		6C68ED3224BCB0360035E7A2 /* Frameworks */ = {
			isa = PBXFrameworksBuildPhase;
			buildActionMask = 2147483647;
			files = (
				36A28AACC074DCED131A70A8 /* Pods_QuizApp.framework in Frameworks */,
			);
			runOnlyForDeploymentPostprocessing = 0;
		};
/* End PBXFrameworksBuildPhase section */

/* Begin PBXGroup section */
		6C68ED2C24BCB0360035E7A2 = {
			isa = PBXGroup;
			children = (
				6C68ED3724BCB0360035E7A2 /* QuizApp */,
				6C68ED3624BCB0360035E7A2 /* Products */,
				E080F48F2E7962CD3B74BE66 /* Pods */,
				F4B1C1A604A8AF12E1DC1149 /* Frameworks */,
			);
			sourceTree = "<group>";
		};
		6C68ED3624BCB0360035E7A2 /* Products */ = {
			isa = PBXGroup;
			children = (
				6C68ED3524BCB0360035E7A2 /* QuizApp.app */,
			);
			name = Products;
			sourceTree = "<group>";
		};
		6C68ED3724BCB0360035E7A2 /* QuizApp */ = {
			isa = PBXGroup;
			children = (
				6C68ED4C24BCB0540035E7A2 /* Model */,
				6C68ED4E24BCB07C0035E7A2 /* Controller */,
				6C68ED4D24BCB05F0035E7A2 /* View */,
				6C68ED3824BCB0360035E7A2 /* AppDelegate.swift */,
				6C68ED3A24BCB0360035E7A2 /* SceneDelegate.swift */,
				6C68ED4124BCB0390035E7A2 /* Assets.xcassets */,
				6C68ED4624BCB0390035E7A2 /* Info.plist */,
				6CE3DD3C24C20BF3008FBA17 /* GoogleService-Info.plist */,
			);
			path = QuizApp;
			sourceTree = "<group>";
		};
		6C68ED4C24BCB0540035E7A2 /* Model */ = {
			isa = PBXGroup;
			children = (
			);
			path = Model;
			sourceTree = "<group>";
		};
		6C68ED4D24BCB05F0035E7A2 /* View */ = {
			isa = PBXGroup;
			children = (
				6CE3DD3324C1F281008FBA17 /* QuizSelection.storyboard */,
				FC27DD3124BCB93E00477567 /* questionPageController.storyboard */,
				6C68ED3E24BCB0360035E7A2 /* Main.storyboard */,
				6C68ED4324BCB0390035E7A2 /* LaunchScreen.storyboard */,
				6CC4158E24BF76B3007B4546 /* AppLogin.storyboard */,
				6CE3DD3424C1F2E0008FBA17 /* AppSignUp.storyboard */,
			);
			path = View;
			sourceTree = "<group>";
		};
		6C68ED4E24BCB07C0035E7A2 /* Controller */ = {
			isa = PBXGroup;
			children = (
				4F186EA724BFBADC00FAB3DE /* FirstPageViewController.swift */,
				FCC25D3B24BCC6C200CCDADF /* questionPageController.swift */,
				6C68ED3C24BCB0360035E7A2 /* ViewController.swift */,
				6C68ED5424BCC1E00035E7A2 /* LoginViewController.swift */,
				6CE3DD3724C20376008FBA17 /* SignUpViewController.swift */,
			);
			path = Controller;
			sourceTree = "<group>";
		};
		E080F48F2E7962CD3B74BE66 /* Pods */ = {
			isa = PBXGroup;
			children = (
				98DEA06C2F8FCE2094A06B0B /* Pods-QuizApp.debug.xcconfig */,
				CBEF8360DDE50AC6B1E61AF8 /* Pods-QuizApp.release.xcconfig */,
			);
			path = Pods;
			sourceTree = "<group>";
		};
		F4B1C1A604A8AF12E1DC1149 /* Frameworks */ = {
			isa = PBXGroup;
			children = (
				327B79710D8C1653217F3803 /* Pods_QuizApp.framework */,
			);
			name = Frameworks;
			sourceTree = "<group>";
		};
/* End PBXGroup section */

/* Begin PBXNativeTarget section */
		6C68ED3424BCB0360035E7A2 /* QuizApp */ = {
			isa = PBXNativeTarget;
			buildConfigurationList = 6C68ED4924BCB0390035E7A2 /* Build configuration list for PBXNativeTarget "QuizApp" */;
			buildPhases = (
				B4DFBB9BA5FF614588F6D6CA /* [CP] Check Pods Manifest.lock */,
				6C68ED3124BCB0360035E7A2 /* Sources */,
				6C68ED3224BCB0360035E7A2 /* Frameworks */,
				6C68ED3324BCB0360035E7A2 /* Resources */,
				17CEF9A2E2A06A898D65B41A /* [CP] Embed Pods Frameworks */,
			);
			buildRules = (
			);
			dependencies = (
			);
			name = QuizApp;
			productName = QuizApp;
			productReference = 6C68ED3524BCB0360035E7A2 /* QuizApp.app */;
			productType = "com.apple.product-type.application";
		};
/* End PBXNativeTarget section */

/* Begin PBXProject section */
		6C68ED2D24BCB0360035E7A2 /* Project object */ = {
			isa = PBXProject;
			attributes = {
				LastSwiftUpdateCheck = 1150;
				LastUpgradeCheck = 1150;
				ORGANIZATIONNAME = "Crispin Corpuz";
				TargetAttributes = {
					6C68ED3424BCB0360035E7A2 = {
						CreatedOnToolsVersion = 11.5;
					};
				};
			};
			buildConfigurationList = 6C68ED3024BCB0360035E7A2 /* Build configuration list for PBXProject "QuizApp" */;
			compatibilityVersion = "Xcode 9.3";
			developmentRegion = en;
			hasScannedForEncodings = 0;
			knownRegions = (
				en,
				Base,
			);
			mainGroup = 6C68ED2C24BCB0360035E7A2;
			productRefGroup = 6C68ED3624BCB0360035E7A2 /* Products */;
			projectDirPath = "";
			projectRoot = "";
			targets = (
				6C68ED3424BCB0360035E7A2 /* QuizApp */,
			);
		};
/* End PBXProject section */

/* Begin PBXResourcesBuildPhase section */
		6C68ED3324BCB0360035E7A2 /* Resources */ = {
			isa = PBXResourcesBuildPhase;
			buildActionMask = 2147483647;
			files = (
				6CC4158F24BF76B3007B4546 /* AppLogin.storyboard in Resources */,
				6CE3DD3D24C20BF4008FBA17 /* GoogleService-Info.plist in Resources */,
				6C68ED4524BCB0390035E7A2 /* LaunchScreen.storyboard in Resources */,
				6C68ED4224BCB0390035E7A2 /* Assets.xcassets in Resources */,
				6CE3DD3924C20732008FBA17 /* AppSignUp.storyboard in Resources */,
				6C68ED4024BCB0360035E7A2 /* Main.storyboard in Resources */,
				FC27DD3224BCB93E00477567 /* questionPageController.storyboard in Resources */,
				6CE3DD3A24C20797008FBA17 /* QuizSelection.storyboard in Resources */,
			);
			runOnlyForDeploymentPostprocessing = 0;
		};
/* End PBXResourcesBuildPhase section */

/* Begin PBXShellScriptBuildPhase section */
		17CEF9A2E2A06A898D65B41A /* [CP] Embed Pods Frameworks */ = {
			isa = PBXShellScriptBuildPhase;
			buildActionMask = 2147483647;
			files = (
			);
			inputFileListPaths = (
				"${PODS_ROOT}/Target Support Files/Pods-QuizApp/Pods-QuizApp-frameworks-${CONFIGURATION}-input-files.xcfilelist",
			);
			name = "[CP] Embed Pods Frameworks";
			outputFileListPaths = (
				"${PODS_ROOT}/Target Support Files/Pods-QuizApp/Pods-QuizApp-frameworks-${CONFIGURATION}-output-files.xcfilelist",
			);
			runOnlyForDeploymentPostprocessing = 0;
			shellPath = /bin/sh;
			shellScript = "\"${PODS_ROOT}/Target Support Files/Pods-QuizApp/Pods-QuizApp-frameworks.sh\"\n";
			showEnvVarsInLog = 0;
		};
		B4DFBB9BA5FF614588F6D6CA /* [CP] Check Pods Manifest.lock */ = {
			isa = PBXShellScriptBuildPhase;
			buildActionMask = 2147483647;
			files = (
			);
			inputFileListPaths = (
			);
			inputPaths = (
				"${PODS_PODFILE_DIR_PATH}/Podfile.lock",
				"${PODS_ROOT}/Manifest.lock",
			);
			name = "[CP] Check Pods Manifest.lock";
			outputFileListPaths = (
			);
			outputPaths = (
				"$(DERIVED_FILE_DIR)/Pods-QuizApp-checkManifestLockResult.txt",
			);
			runOnlyForDeploymentPostprocessing = 0;
			shellPath = /bin/sh;
			shellScript = "diff \"${PODS_PODFILE_DIR_PATH}/Podfile.lock\" \"${PODS_ROOT}/Manifest.lock\" > /dev/null\nif [ $? != 0 ] ; then\n    # print error to STDERR\n    echo \"error: The sandbox is not in sync with the Podfile.lock. Run 'pod install' or update your CocoaPods installation.\" >&2\n    exit 1\nfi\n# This output is used by Xcode 'outputs' to avoid re-running this script phase.\necho \"SUCCESS\" > \"${SCRIPT_OUTPUT_FILE_0}\"\n";
			showEnvVarsInLog = 0;
		};
/* End PBXShellScriptBuildPhase section */

/* Begin PBXSourcesBuildPhase section */
		6C68ED3124BCB0360035E7A2 /* Sources */ = {
			isa = PBXSourcesBuildPhase;
			buildActionMask = 2147483647;
			files = (
				4F186EA824BFBADC00FAB3DE /* FirstPageViewController.swift in Sources */,
				6CE3DD3824C20376008FBA17 /* SignUpViewController.swift in Sources */,
				6C68ED5524BCC1E00035E7A2 /* LoginViewController.swift in Sources */,
				6C68ED3D24BCB0360035E7A2 /* ViewController.swift in Sources */,
				6C68ED3924BCB0360035E7A2 /* AppDelegate.swift in Sources */,
				FCC25D3D24BCC6C200CCDADF /* questionPageController.swift in Sources */,
				6C68ED3B24BCB0360035E7A2 /* SceneDelegate.swift in Sources */,
			);
			runOnlyForDeploymentPostprocessing = 0;
		};
/* End PBXSourcesBuildPhase section */

/* Begin PBXVariantGroup section */
		6C68ED3E24BCB0360035E7A2 /* Main.storyboard */ = {
			isa = PBXVariantGroup;
			children = (
				6C68ED3F24BCB0360035E7A2 /* Base */,
			);
			name = Main.storyboard;
			sourceTree = "<group>";
		};
		6C68ED4324BCB0390035E7A2 /* LaunchScreen.storyboard */ = {
			isa = PBXVariantGroup;
			children = (
				6C68ED4424BCB0390035E7A2 /* Base */,
			);
			name = LaunchScreen.storyboard;
			sourceTree = "<group>";
		};
		FCC25D3B24BCC6C200CCDADF /* questionPageController.swift */ = {
			isa = PBXVariantGroup;
			children = (
				FCC25D3C24BCC6C200CCDADF /* Base */,
			);
			name = questionPageController.swift;
			sourceTree = "<group>";
		};
/* End PBXVariantGroup section */

/* Begin XCBuildConfiguration section */
		6C68ED4724BCB0390035E7A2 /* Debug */ = {
			isa = XCBuildConfiguration;
			buildSettings = {
				ALWAYS_SEARCH_USER_PATHS = NO;
				CLANG_ANALYZER_NONNULL = YES;
				CLANG_ANALYZER_NUMBER_OBJECT_CONVERSION = YES_AGGRESSIVE;
				CLANG_CXX_LANGUAGE_STANDARD = "gnu++14";
				CLANG_CXX_LIBRARY = "libc++";
				CLANG_ENABLE_MODULES = YES;
				CLANG_ENABLE_OBJC_ARC = YES;
				CLANG_ENABLE_OBJC_WEAK = YES;
				CLANG_WARN_BLOCK_CAPTURE_AUTORELEASING = YES;
				CLANG_WARN_BOOL_CONVERSION = YES;
				CLANG_WARN_COMMA = YES;
				CLANG_WARN_CONSTANT_CONVERSION = YES;
				CLANG_WARN_DEPRECATED_OBJC_IMPLEMENTATIONS = YES;
				CLANG_WARN_DIRECT_OBJC_ISA_USAGE = YES_ERROR;
				CLANG_WARN_DOCUMENTATION_COMMENTS = YES;
				CLANG_WARN_EMPTY_BODY = YES;
				CLANG_WARN_ENUM_CONVERSION = YES;
				CLANG_WARN_INFINITE_RECURSION = YES;
				CLANG_WARN_INT_CONVERSION = YES;
				CLANG_WARN_NON_LITERAL_NULL_CONVERSION = YES;
				CLANG_WARN_OBJC_IMPLICIT_RETAIN_SELF = YES;
				CLANG_WARN_OBJC_LITERAL_CONVERSION = YES;
				CLANG_WARN_OBJC_ROOT_CLASS = YES_ERROR;
				CLANG_WARN_RANGE_LOOP_ANALYSIS = YES;
				CLANG_WARN_STRICT_PROTOTYPES = YES;
				CLANG_WARN_SUSPICIOUS_MOVE = YES;
				CLANG_WARN_UNGUARDED_AVAILABILITY = YES_AGGRESSIVE;
				CLANG_WARN_UNREACHABLE_CODE = YES;
				CLANG_WARN__DUPLICATE_METHOD_MATCH = YES;
				COPY_PHASE_STRIP = NO;
				DEBUG_INFORMATION_FORMAT = dwarf;
				ENABLE_STRICT_OBJC_MSGSEND = YES;
				ENABLE_TESTABILITY = YES;
				GCC_C_LANGUAGE_STANDARD = gnu11;
				GCC_DYNAMIC_NO_PIC = NO;
				GCC_NO_COMMON_BLOCKS = YES;
				GCC_OPTIMIZATION_LEVEL = 0;
				GCC_PREPROCESSOR_DEFINITIONS = (
					"DEBUG=1",
					"$(inherited)",
				);
				GCC_WARN_64_TO_32_BIT_CONVERSION = YES;
				GCC_WARN_ABOUT_RETURN_TYPE = YES_ERROR;
				GCC_WARN_UNDECLARED_SELECTOR = YES;
				GCC_WARN_UNINITIALIZED_AUTOS = YES_AGGRESSIVE;
				GCC_WARN_UNUSED_FUNCTION = YES;
				GCC_WARN_UNUSED_VARIABLE = YES;
				IPHONEOS_DEPLOYMENT_TARGET = 13.5;
				MTL_ENABLE_DEBUG_INFO = INCLUDE_SOURCE;
				MTL_FAST_MATH = YES;
				ONLY_ACTIVE_ARCH = YES;
				SDKROOT = iphoneos;
				SWIFT_ACTIVE_COMPILATION_CONDITIONS = DEBUG;
				SWIFT_OPTIMIZATION_LEVEL = "-Onone";
			};
			name = Debug;
		};
		6C68ED4824BCB0390035E7A2 /* Release */ = {
			isa = XCBuildConfiguration;
			buildSettings = {
				ALWAYS_SEARCH_USER_PATHS = NO;
				CLANG_ANALYZER_NONNULL = YES;
				CLANG_ANALYZER_NUMBER_OBJECT_CONVERSION = YES_AGGRESSIVE;
				CLANG_CXX_LANGUAGE_STANDARD = "gnu++14";
				CLANG_CXX_LIBRARY = "libc++";
				CLANG_ENABLE_MODULES = YES;
				CLANG_ENABLE_OBJC_ARC = YES;
				CLANG_ENABLE_OBJC_WEAK = YES;
				CLANG_WARN_BLOCK_CAPTURE_AUTORELEASING = YES;
				CLANG_WARN_BOOL_CONVERSION = YES;
				CLANG_WARN_COMMA = YES;
				CLANG_WARN_CONSTANT_CONVERSION = YES;
				CLANG_WARN_DEPRECATED_OBJC_IMPLEMENTATIONS = YES;
				CLANG_WARN_DIRECT_OBJC_ISA_USAGE = YES_ERROR;
				CLANG_WARN_DOCUMENTATION_COMMENTS = YES;
				CLANG_WARN_EMPTY_BODY = YES;
				CLANG_WARN_ENUM_CONVERSION = YES;
				CLANG_WARN_INFINITE_RECURSION = YES;
				CLANG_WARN_INT_CONVERSION = YES;
				CLANG_WARN_NON_LITERAL_NULL_CONVERSION = YES;
				CLANG_WARN_OBJC_IMPLICIT_RETAIN_SELF = YES;
				CLANG_WARN_OBJC_LITERAL_CONVERSION = YES;
				CLANG_WARN_OBJC_ROOT_CLASS = YES_ERROR;
				CLANG_WARN_RANGE_LOOP_ANALYSIS = YES;
				CLANG_WARN_STRICT_PROTOTYPES = YES;
				CLANG_WARN_SUSPICIOUS_MOVE = YES;
				CLANG_WARN_UNGUARDED_AVAILABILITY = YES_AGGRESSIVE;
				CLANG_WARN_UNREACHABLE_CODE = YES;
				CLANG_WARN__DUPLICATE_METHOD_MATCH = YES;
				COPY_PHASE_STRIP = NO;
				DEBUG_INFORMATION_FORMAT = "dwarf-with-dsym";
				ENABLE_NS_ASSERTIONS = NO;
				ENABLE_STRICT_OBJC_MSGSEND = YES;
				GCC_C_LANGUAGE_STANDARD = gnu11;
				GCC_NO_COMMON_BLOCKS = YES;
				GCC_WARN_64_TO_32_BIT_CONVERSION = YES;
				GCC_WARN_ABOUT_RETURN_TYPE = YES_ERROR;
				GCC_WARN_UNDECLARED_SELECTOR = YES;
				GCC_WARN_UNINITIALIZED_AUTOS = YES_AGGRESSIVE;
				GCC_WARN_UNUSED_FUNCTION = YES;
				GCC_WARN_UNUSED_VARIABLE = YES;
				IPHONEOS_DEPLOYMENT_TARGET = 13.5;
				MTL_ENABLE_DEBUG_INFO = NO;
				MTL_FAST_MATH = YES;
				SDKROOT = iphoneos;
				SWIFT_COMPILATION_MODE = wholemodule;
				SWIFT_OPTIMIZATION_LEVEL = "-O";
				VALIDATE_PRODUCT = YES;
			};
			name = Release;
		};
		6C68ED4A24BCB0390035E7A2 /* Debug */ = {
			isa = XCBuildConfiguration;
			baseConfigurationReference = 98DEA06C2F8FCE2094A06B0B /* Pods-QuizApp.debug.xcconfig */;
			buildSettings = {
				ASSETCATALOG_COMPILER_APPICON_NAME = AppIcon;
				CODE_SIGN_STYLE = Automatic;
				INFOPLIST_FILE = QuizApp/Info.plist;
				LD_RUNPATH_SEARCH_PATHS = (
					"$(inherited)",
					"@executable_path/Frameworks",
				);
				PRODUCT_BUNDLE_IDENTIFIER = "edu.unomaha-ccorpuz.QuizApp";
				PRODUCT_NAME = "$(TARGET_NAME)";
				SWIFT_VERSION = 5.0;
				TARGETED_DEVICE_FAMILY = "1,2";
			};
			name = Debug;
		};
		6C68ED4B24BCB0390035E7A2 /* Release */ = {
			isa = XCBuildConfiguration;
			baseConfigurationReference = CBEF8360DDE50AC6B1E61AF8 /* Pods-QuizApp.release.xcconfig */;
			buildSettings = {
				ASSETCATALOG_COMPILER_APPICON_NAME = AppIcon;
				CODE_SIGN_STYLE = Automatic;
				INFOPLIST_FILE = QuizApp/Info.plist;
				LD_RUNPATH_SEARCH_PATHS = (
					"$(inherited)",
					"@executable_path/Frameworks",
				);
				PRODUCT_BUNDLE_IDENTIFIER = "edu.unomaha-ccorpuz.QuizApp";
				PRODUCT_NAME = "$(TARGET_NAME)";
				SWIFT_VERSION = 5.0;
				TARGETED_DEVICE_FAMILY = "1,2";
			};
			name = Release;
		};
/* End XCBuildConfiguration section */

/* Begin XCConfigurationList section */
		6C68ED3024BCB0360035E7A2 /* Build configuration list for PBXProject "QuizApp" */ = {
			isa = XCConfigurationList;
			buildConfigurations = (
				6C68ED4724BCB0390035E7A2 /* Debug */,
				6C68ED4824BCB0390035E7A2 /* Release */,
			);
			defaultConfigurationIsVisible = 0;
			defaultConfigurationName = Release;
		};
		6C68ED4924BCB0390035E7A2 /* Build configuration list for PBXNativeTarget "QuizApp" */ = {
			isa = XCConfigurationList;
			buildConfigurations = (
				6C68ED4A24BCB0390035E7A2 /* Debug */,
				6C68ED4B24BCB0390035E7A2 /* Release */,
			);
			defaultConfigurationIsVisible = 0;
			defaultConfigurationName = Release;
		};
/* End XCConfigurationList section */
	};
	rootObject = 6C68ED2D24BCB0360035E7A2 /* Project object */;
}
